
Microsoft Visual Studio Solution File, Format Version 12.00
# Visual Studio Version 17
VisualStudioVersion = 17.9.34728.123
MinimumVisualStudioVersion = 10.0.40219.1
Project("{FAE04EC0-301F-11D3-BF4B-00C04F79EFBC}") = "Tarefas", "Tarefas.csproj", "{78F179F2-094B-47E5-B052-266334E6ADA9}"
EndProject
Global
	GlobalSection(SolutionConfigurationPlatforms) = preSolution
		Debug|Any CPU = Debug|Any CPU
		Release|Any CPU = Release|Any CPU
	EndGlobalSection
	GlobalSection(ProjectConfigurationPlatforms) = postSolution
		{78F179F2-094B-47E5-B052-266334E6ADA9}.Debug|Any CPU.ActiveCfg = Debug|Any CPU
		{78F179F2-094B-47E5-B052-266334E6ADA9}.Debug|Any CPU.Build.0 = Debug|Any CPU
		{78F179F2-094B-47E5-B052-266334E6ADA9}.Release|Any CPU.ActiveCfg = Release|Any CPU
		{78F179F2-094B-47E5-B052-266334E6ADA9}.Release|Any CPU.Build.0 = Release|Any CPU
	EndGlobalSection
	GlobalSection(SolutionProperties) = preSolution
		HideSolutionNode = FALSE
	EndGlobalSection
	GlobalSection(ExtensibilityGlobals) = postSolution
		SolutionGuid = {70D5C6DD-A10D-460F-95A9-C3925E4299A3}
	EndGlobalSection
EndGlobal
